
Microsoft Visual Studio Solution File, Format Version 12.00
# Visual Studio Version 17
VisualStudioVersion = 17.1.32414.318
MinimumVisualStudioVersion = 10.0.40219.1
Project("{FAE04EC0-301F-11D3-BF4B-00C04F79EFBC}") = "Cursach", "WpfApp1\Cursach.csproj", "{B79918BF-41B6-4D10-B690-E503D88795DD}"
EndProject
Project("{FAE04EC0-301F-11D3-BF4B-00C04F79EFBC}") = "UnitTest", "UnitTest\UnitTest.csproj", "{DE2F3F8B-5613-48C4-8608-BDADA0FE215F}"
EndProject
Global
	GlobalSection(SolutionConfigurationPlatforms) = preSolution
		Debug|Any CPU = Debug|Any CPU
		Release|Any CPU = Release|Any CPU
	EndGlobalSection
	GlobalSection(ProjectConfigurationPlatforms) = postSolution
		{B79918BF-41B6-4D10-B690-E503D88795DD}.Debug|Any CPU.ActiveCfg = Debug|Any CPU
		{B79918BF-41B6-4D10-B690-E503D88795DD}.Debug|Any CPU.Build.0 = Debug|Any CPU
		{B79918BF-41B6-4D10-B690-E503D88795DD}.Release|Any CPU.ActiveCfg = Release|Any CPU
		{B79918BF-41B6-4D10-B690-E503D88795DD}.Release|Any CPU.Build.0 = Release|Any CPU
		{DE2F3F8B-5613-48C4-8608-BDADA0FE215F}.Debug|Any CPU.ActiveCfg = Debug|Any CPU
		{DE2F3F8B-5613-48C4-8608-BDADA0FE215F}.Debug|Any CPU.Build.0 = Debug|Any CPU
		{DE2F3F8B-5613-48C4-8608-BDADA0FE215F}.Release|Any CPU.ActiveCfg = Release|Any CPU
		{DE2F3F8B-5613-48C4-8608-BDADA0FE215F}.Release|Any CPU.Build.0 = Release|Any CPU
	EndGlobalSection
	GlobalSection(SolutionProperties) = preSolution
		HideSolutionNode = FALSE
	EndGlobalSection
	GlobalSection(ExtensibilityGlobals) = postSolution
		SolutionGuid = {B024D86F-A4C3-4992-B66E-B9F681155F54}
	EndGlobalSection
EndGlobal
